
Microsoft Visual Studio Solution File, Format Version 12.00
# Visual Studio Version 17
VisualStudioVersion = 17.10.34916.146
MinimumVisualStudioVersion = 10.0.40219.1
Project("{FAE04EC0-301F-11D3-BF4B-00C04F79EFBC}") = "EduZone", "EduZone\EduZone.csproj", "{9E92A547-6409-4FE5-9284-81465FB43A86}"
EndProject
Global
	GlobalSection(SolutionConfigurationPlatforms) = preSolution
		Debug|Any CPU = Debug|Any CPU
		Release|Any CPU = Release|Any CPU
	EndGlobalSection
	GlobalSection(ProjectConfigurationPlatforms) = postSolution
		{9E92A547-6409-4FE5-9284-81465FB43A86}.Debug|Any CPU.ActiveCfg = Debug|Any CPU
		{9E92A547-6409-4FE5-9284-81465FB43A86}.Debug|Any CPU.Build.0 = Debug|Any CPU
		{9E92A547-6409-4FE5-9284-81465FB43A86}.Release|Any CPU.ActiveCfg = Release|Any CPU
		{9E92A547-6409-4FE5-9284-81465FB43A86}.Release|Any CPU.Build.0 = Release|Any CPU
	EndGlobalSection
	GlobalSection(SolutionProperties) = preSolution
		HideSolutionNode = FALSE
	EndGlobalSection
	GlobalSection(ExtensibilityGlobals) = postSolution
		SolutionGuid = {BD2D0D04-B270-4CDB-9CA9-CFD328A99996}
	EndGlobalSection
EndGlobal
